
Microsoft Visual Studio Solution File, Format Version 12.00
# Visual Studio Version 17
VisualStudioVersion = 17.4.33213.308
MinimumVisualStudioVersion = 10.0.40219.1
Project("{FAE04EC0-301F-11D3-BF4B-00C04F79EFBC}") = "APISeries", "APISeries\APISeries.csproj", "{A7E62C06-C736-433C-ADAB-510403908544}"
EndProject
Project("{FAE04EC0-301F-11D3-BF4B-00C04F79EFBC}") = "APISeriesTests", "APISeriesTests\APISeriesTests.csproj", "{E9A9463D-8A14-4FA6-A72B-D54555D65BE4}"
EndProject
Global
	GlobalSection(SolutionConfigurationPlatforms) = preSolution
		Debug|Any CPU = Debug|Any CPU
		Release|Any CPU = Release|Any CPU
	EndGlobalSection
	GlobalSection(ProjectConfigurationPlatforms) = postSolution
		{A7E62C06-C736-433C-ADAB-510403908544}.Debug|Any CPU.ActiveCfg = Debug|Any CPU
		{A7E62C06-C736-433C-ADAB-510403908544}.Debug|Any CPU.Build.0 = Debug|Any CPU
		{A7E62C06-C736-433C-ADAB-510403908544}.Release|Any CPU.ActiveCfg = Release|Any CPU
		{A7E62C06-C736-433C-ADAB-510403908544}.Release|Any CPU.Build.0 = Release|Any CPU
		{E9A9463D-8A14-4FA6-A72B-D54555D65BE4}.Debug|Any CPU.ActiveCfg = Debug|Any CPU
		{E9A9463D-8A14-4FA6-A72B-D54555D65BE4}.Debug|Any CPU.Build.0 = Debug|Any CPU
		{E9A9463D-8A14-4FA6-A72B-D54555D65BE4}.Release|Any CPU.ActiveCfg = Release|Any CPU
		{E9A9463D-8A14-4FA6-A72B-D54555D65BE4}.Release|Any CPU.Build.0 = Release|Any CPU
	EndGlobalSection
	GlobalSection(SolutionProperties) = preSolution
		HideSolutionNode = FALSE
	EndGlobalSection
	GlobalSection(ExtensibilityGlobals) = postSolution
		SolutionGuid = {72C92C45-F948-4D1B-B54C-92FD045301FA}
	EndGlobalSection
EndGlobal
